
Microsoft Visual Studio Solution File, Format Version 12.00
Project("{FAE04EC0-301F-11D3-BF4B-00C04F79EFBC}") = "WxStarManager", "WxStarManager/WxStarManager.csproj", "{783685D9-D731-45EF-923D-12C5E42D289C}"
EndProject
Project("{FAE04EC0-301F-11D3-BF4B-00C04F79EFBC}") = "UnitTests", "UnitTests\UnitTests.csproj", "{7999994C-5229-4B82-8EF0-1A337FBCEFA7}"
EndProject
Global
	GlobalSection(SolutionConfigurationPlatforms) = preSolution
		Debug|Any CPU = Debug|Any CPU
		Release|Any CPU = Release|Any CPU
	EndGlobalSection
	GlobalSection(ProjectConfigurationPlatforms) = postSolution
		{783685D9-D731-45EF-923D-12C5E42D289C}.Debug|Any CPU.ActiveCfg = Debug|Any CPU
		{783685D9-D731-45EF-923D-12C5E42D289C}.Debug|Any CPU.Build.0 = Debug|Any CPU
		{783685D9-D731-45EF-923D-12C5E42D289C}.Release|Any CPU.ActiveCfg = Release|Any CPU
		{783685D9-D731-45EF-923D-12C5E42D289C}.Release|Any CPU.Build.0 = Release|Any CPU
		{7999994C-5229-4B82-8EF0-1A337FBCEFA7}.Debug|Any CPU.ActiveCfg = Debug|Any CPU
		{7999994C-5229-4B82-8EF0-1A337FBCEFA7}.Release|Any CPU.ActiveCfg = Release|Any CPU
		{7999994C-5229-4B82-8EF0-1A337FBCEFA7}.Release|Any CPU.Build.0 = Release|Any CPU
	EndGlobalSection
EndGlobal
